PODS:
  - ArgonModel (1.0):
    - GadgetKit
  - cmark-bridge (1.0.1)
  - GadgetKit (1.0):
    - Yams
  - HTMLEntities (3.0.10)
  - LiquidKit (1.0):
    - HTMLEntities
    - STRFTimeFormatter
  - SavannaKit (0.9.0)
  - SourceEditor (1.0.1):
    - SavannaKit (~> 0.9)
  - STRFTimeFormatter (1.1)
  - Tokamak (1.0):
    - ArgonModel
    - GadgetKit
    - LiquidKit
  - Yams (1.0.1)

DEPENDENCIES:
  - ArgonModel (from `Dependencies/ArgonModel`)
  - cmark-bridge (from `Dependencies/cmark-bridge`)
  - GadgetKit (from `Dependencies/GadgetKit`)
  - HTMLEntities (from `https://github.com/IBM-Swift/swift-html-entities.git`)
  - LiquidKit (from `Dependencies/LiquidKit`)
  - SavannaKit (from `Dependencies/SavannaKit`)
  - SourceEditor (from `Dependencies/source-editor`)
  - STRFTimeFormatter (from `https://github.com/brunophilipe/STRFTimeFormatter.git`)
  - Tokamak (from `Dependencies/Tokamak`)
  - Yams

SPEC REPOS:
  https://github.com/cocoapods/specs.git:
    - Yams

EXTERNAL SOURCES:
  ArgonModel:
    :path: Dependencies/ArgonModel
  cmark-bridge:
    :path: Dependencies/cmark-bridge
  GadgetKit:
    :path: Dependencies/GadgetKit
  HTMLEntities:
    :git: https://github.com/IBM-Swift/swift-html-entities.git
  LiquidKit:
    :path: Dependencies/LiquidKit
  SavannaKit:
    :path: Dependencies/SavannaKit
  SourceEditor:
    :path: Dependencies/source-editor
  STRFTimeFormatter:
    :git: https://github.com/brunophilipe/STRFTimeFormatter.git
  Tokamak:
    :path: Dependencies/Tokamak

CHECKOUT OPTIONS:
  HTMLEntities:
    :commit: 2f582d1f927824045cbbcc5d72614799a8e7f35a
    :git: https://github.com/IBM-Swift/swift-html-entities.git
  STRFTimeFormatter:
    :commit: 6b93f94f75eebd704bc7dda85ce6d81b171f9fa9
    :git: https://github.com/brunophilipe/STRFTimeFormatter.git

SPEC CHECKSUMS:
  ArgonModel: 70d610ae2eb35ec56e3b4bc8bb8259b436a6fd1d
  cmark-bridge: 45c24dac6f273cd13f5b83dad86065f107cd76e1
  GadgetKit: 8b15fdc6652a8a5b4c35db90af1a9b2aa9428e4d
  HTMLEntities: 3d89d72a9aa3b6ad095c584bc2f1383bbed4581c
  LiquidKit: 644a485268aa5c373537b4cb9ff3f8cbb263fc8a
  SavannaKit: 307efa0be63cad347853b468880915a3090c336e
  SourceEditor: c789f5a0c5147a2b6ce2492696d00743b61e128d
  STRFTimeFormatter: 9d13f33cfd392b5ca1445a912691398bc4b73be6
  Tokamak: 0609a1bcaa0972872e3f0101ff25326203f45fc5
  Yams: 572f625a8b719b73e0b57fd313c680f3e2161fe9

PODFILE CHECKSUM: c84da6b52537dc4e9487e4ec6cf2b9ac554dcc94

COCOAPODS: 1.6.0.beta.1
